Microsoft Visual Studio Solution File, Format Version 12.00
# Visual Studio 15
VisualStudioVersion = 15.0.27703.2035
MinimumVisualStudioVersion = 10.0.40219.1
Project("{2150E333-8FDC-42A3-9474-1A3956D46DE8}") = "src", "src", "{40A0978A-91DD-4FBE-9CD5-E38D838CD9EF}"
EndProject
Project("{FAE04EC0-301F-11D3-BF4B-00C04F79EFBC}") = "Cake.ResxConverter", "src\Cake.ResxConverter\Cake.ResxConverter.csproj", "{C34B190F-B32B-4082-B218-FE156D902E7C}"
EndProject
Global
	GlobalSection(SolutionConfigurationPlatforms) = preSolution
		Debug|Any CPU = Debug|Any CPU
		Release|Any CPU = Release|Any CPU
	EndGlobalSection
	GlobalSection(ProjectConfigurationPlatforms) = postSolution
		{C34B190F-B32B-4082-B218-FE156D902E7C}.Debug|Any CPU.ActiveCfg = Debug|Any CPU
		{C34B190F-B32B-4082-B218-FE156D902E7C}.Debug|Any CPU.Build.0 = Debug|Any CPU
		{C34B190F-B32B-4082-B218-FE156D902E7C}.Release|Any CPU.ActiveCfg = Release|Any CPU
		{C34B190F-B32B-4082-B218-FE156D902E7C}.Release|Any CPU.Build.0 = Release|Any CPU
	EndGlobalSection
	GlobalSection(SolutionProperties) = preSolution
		HideSolutionNode = FALSE
	EndGlobalSection
	GlobalSection(NestedProjects) = preSolution
		{C34B190F-B32B-4082-B218-FE156D902E7C} = {40A0978A-91DD-4FBE-9CD5-E38D838CD9EF}
	EndGlobalSection
	GlobalSection(ExtensibilityGlobals) = postSolution
		SolutionGuid = {95AEF0D4-8158-482E-B667-3EA622A1C202}
	EndGlobalSection
EndGlobal
